// !$*UTF8*$!
{
	archiveVersion = 1;
	classes = {
	};
	objectVersion = 46;
	objects = {

/* Begin PBXBuildFile section */
		E644A4001B7805F30088FCDD /* main.m in Sources */ = {isa = PBXBuildFile; fileRef = E644A3FF1B7805F30088FCDD /* main.m */; };
		E644A4031B7805F30088FCDD /* AppDelegate.m in Sources */ = {isa = PBXBuildFile; fileRef = E644A4021B7805F30088FCDD /* AppDelegate.m */; };
		E644A4061B7805F30088FCDD /* ViewController.m in Sources */ = {isa = PBXBuildFile; fileRef = E644A4051B7805F30088FCDD /* ViewController.m */; };
		E644A4091B7805F30088FCDD /* Main.storyboard in Resources */ = {isa = PBXBuildFile; fileRef = E644A4071B7805F30088FCDD /* Main.storyboard */; };
		E644A40B1B7805F30088FCDD /* Images.xcassets in Resources */ = {isa = PBXBuildFile; fileRef = E644A40A1B7805F30088FCDD /* Images.xcassets */; };
		E644A40E1B7805F30088FCDD /* LaunchScreen.xib in Resources */ = {isa = PBXBuildFile; fileRef = E644A40C1B7805F30088FCDD /* LaunchScreen.xib */; };
		E644A41A1B7805F30088FCDD /* ConstraintShenanigansTests.m in Sources */ = {isa = PBXBuildFile; fileRef = E644A4191B7805F30088FCDD /* ConstraintShenanigansTests.m */; };
		E644A4271B78069E0088FCDD /* CustomTableViewCell.xib in Resources */ = {isa = PBXBuildFile; fileRef = E644A4241B78069E0088FCDD /* CustomTableViewCell.xib */; };
		E644A4281B78069E0088FCDD /* TableViewCell.xib in Resources */ = {isa = PBXBuildFile; fileRef = E644A4251B78069E0088FCDD /* TableViewCell.xib */; };
		E644A4321B7807830088FCDD /* CustomTableViewCell.swift in Sources */ = {isa = PBXBuildFile; fileRef = E644A4311B7807830088FCDD /* CustomTableViewCell.swift */; };
/* End PBXBuildFile section */

/* Begin PBXContainerItemProxy section */
		E644A4141B7805F30088FCDD /* PBXContainerItemProxy */ = {
			isa = PBXContainerItemProxy;
			containerPortal = E644A3F21B7805F30088FCDD /* Project object */;
			proxyType = 1;
			remoteGlobalIDString = E644A3F91B7805F30088FCDD;
			remoteInfo = ConstraintShenanigans;
		};
/* End PBXContainerItemProxy section */

/* Begin PBXFileReference section */
		E644A3FA1B7805F30088FCDD /* ConstraintShenanigans.app */ = {isa = PBXFileReference; explicitFileType = wrapper.application; includeInIndex = 0; path = ConstraintShenanigans.app; sourceTree = BUILT_PRODUCTS_DIR; };
		E644A3FE1B7805F30088FCDD /* Info.plist */ = {isa = PBXFileReference; lastKnownFileType = text.plist.xml; path = Info.plist; sourceTree = "<group>"; };
		E644A3FF1B7805F30088FCDD /* main.m */ = {isa = PBXFileReference; lastKnownFileType = sourcecode.c.objc; path = main.m; sourceTree = "<group>"; };
		E644A4011B7805F30088FCDD /* AppDelegate.h */ = {isa = PBXFileReference; lastKnownFileType = sourcecode.c.h; path = AppDelegate.h; sourceTree = "<group>"; };
		E644A4021B7805F30088FCDD /* AppDelegate.m */ = {isa = PBXFileReference; lastKnownFileType = sourcecode.c.objc; path = AppDelegate.m; sourceTree = "<group>"; };
		E644A4041B7805F30088FCDD /* ViewController.h */ = {isa = PBXFileReference; lastKnownFileType = sourcecode.c.h; path = ViewController.h; sourceTree = "<group>"; };
		E644A4051B7805F30088FCDD /* ViewController.m */ = {isa = PBXFileReference; lastKnownFileType = sourcecode.c.objc; path = ViewController.m; sourceTree = "<group>"; };
		E644A4081B7805F30088FCDD /* Base */ = {isa = PBXFileReference; lastKnownFileType = file.storyboard; name = Base; path = Base.lproj/Main.storyboard; sourceTree = "<group>"; };
		E644A40A1B7805F30088FCDD /* Images.xcassets */ = {isa = PBXFileReference; lastKnownFileType = folder.assetcatalog; path = Images.xcassets; sourceTree = "<group>"; };
		E644A40D1B7805F30088FCDD /* Base */ = {isa = PBXFileReference; lastKnownFileType = file.xib; name = Base; path = Base.lproj/LaunchScreen.xib; sourceTree = "<group>"; };
		E644A4131B7805F30088FCDD /* ConstraintShenanigansTests.xctest */ = {isa = PBXFileReference; explicitFileType = wrapper.cfbundle; includeInIndex = 0; path = ConstraintShenanigansTests.xctest; sourceTree = BUILT_PRODUCTS_DIR; };
		E644A4181B7805F30088FCDD /* Info.plist */ = {isa = PBXFileReference; lastKnownFileType = text.plist.xml; path = Info.plist; sourceTree = "<group>"; };
		E644A4191B7805F30088FCDD /* ConstraintShenanigansTests.m */ = {isa = PBXFileReference; lastKnownFileType = sourcecode.c.objc; path = ConstraintShenanigansTests.m; sourceTree = "<group>"; };
		E644A4241B78069E0088FCDD /* CustomTableViewCell.xib */ = {isa = PBXFileReference; fileEncoding = 4; lastKnownFileType = file.xib; path = CustomTableViewCell.xib; sourceTree = "<group>"; };
		E644A4251B78069E0088FCDD /* TableViewCell.xib */ = {isa = PBXFileReference; fileEncoding = 4; lastKnownFileType = file.xib; path = TableViewCell.xib; sourceTree = "<group>"; };
		E644A42E1B7807720088FCDD /* ConstraintShenanigans-Bridging-Header.h */ = {isa = PBXFileReference; lastKnownFileType = sourcecode.c.h; path = "ConstraintShenanigans-Bridging-Header.h"; sourceTree = "<group>"; };
		E644A4311B7807830088FCDD /* CustomTableViewCell.swift */ = {isa = PBXFileReference; fileEncoding = 4; lastKnownFileType = sourcecode.swift; path = CustomTableViewCell.swift; sourceTree = "<group>"; };
/* End PBXFileReference section */

/* Begin PBXFrameworksBuildPhase section */
		E644A3F71B7805F30088FCDD /* Frameworks */ = {
			isa = PBXFrameworksBuildPhase;
			buildActionMask = 2147483647;
			files = (
			);
			runOnlyForDeploymentPostprocessing = 0;
		};
		E644A4101B7805F30088FCDD /* Frameworks */ = {
			isa = PBXFrameworksBuildPhase;
			buildActionMask = 2147483647;
			files = (
			);
			runOnlyForDeploymentPostprocessing = 0;
		};
/* End PBXFrameworksBuildPhase section */

/* Begin PBXGroup section */
		E644A3F11B7805F30088FCDD = {
			isa = PBXGroup;
			children = (
				E644A3FC1B7805F30088FCDD /* ConstraintShenanigans */,
				E644A4161B7805F30088FCDD /* ConstraintShenanigansTests */,
				E644A3FB1B7805F30088FCDD /* Products */,
			);
			sourceTree = "<group>";
		};
		E644A3FB1B7805F30088FCDD /* Products */ = {
			isa = PBXGroup;
			children = (
				E644A3FA1B7805F30088FCDD /* ConstraintShenanigans.app */,
				E644A4131B7805F30088FCDD /* ConstraintShenanigansTests.xctest */,
			);
			name = Products;
			sourceTree = "<group>";
		};
		E644A3FC1B7805F30088FCDD /* ConstraintShenanigans */ = {
			isa = PBXGroup;
			children = (
				E644A40A1B7805F30088FCDD /* Images.xcassets */,
				E644A4011B7805F30088FCDD /* AppDelegate.h */,
				E644A4021B7805F30088FCDD /* AppDelegate.m */,
				E644A4041B7805F30088FCDD /* ViewController.h */,
				E644A4051B7805F30088FCDD /* ViewController.m */,
				E644A42E1B7807720088FCDD /* ConstraintShenanigans-Bridging-Header.h */,
				E644A4311B7807830088FCDD /* CustomTableViewCell.swift */,
				E644A4071B7805F30088FCDD /* Main.storyboard */,
				E644A4241B78069E0088FCDD /* CustomTableViewCell.xib */,
				E644A4251B78069E0088FCDD /* TableViewCell.xib */,
				E644A40C1B7805F30088FCDD /* LaunchScreen.xib */,
				E644A3FD1B7805F30088FCDD /* Supporting Files */,
			);
			path = ConstraintShenanigans;
			sourceTree = "<group>";
		};
		E644A3FD1B7805F30088FCDD /* Supporting Files */ = {
			isa = PBXGroup;
			children = (
				E644A3FE1B7805F30088FCDD /* Info.plist */,
				E644A3FF1B7805F30088FCDD /* main.m */,
			);
			name = "Supporting Files";
			sourceTree = "<group>";
		};
		E644A4161B7805F30088FCDD /* ConstraintShenanigansTests */ = {
			isa = PBXGroup;
			children = (
				E644A4191B7805F30088FCDD /* ConstraintShenanigansTests.m */,
				E644A4171B7805F30088FCDD /* Supporting Files */,
			);
			path = ConstraintShenanigansTests;
			sourceTree = "<group>";
		};
		E644A4171B7805F30088FCDD /* Supporting Files */ = {
			isa = PBXGroup;
			children = (
				E644A4181B7805F30088FCDD /* Info.plist */,
			);
			name = "Supporting Files";
			sourceTree = "<group>";
		};
/* End PBXGroup section */

/* Begin PBXNativeTarget section */
		E644A3F91B7805F30088FCDD /* ConstraintShenanigans */ = {
			isa = PBXNativeTarget;
			buildConfigurationList = E644A41D1B7805F30088FCDD /* Build configuration list for PBXNativeTarget "ConstraintShenanigans" */;
			buildPhases = (
				E644A3F61B7805F30088FCDD /* Sources */,
				E644A3F71B7805F30088FCDD /* Frameworks */,
				E644A3F81B7805F30088FCDD /* Resources */,
			);
			buildRules = (
			);
			dependencies = (
			);
			name = ConstraintShenanigans;
			productName = ConstraintShenanigans;
			productReference = E644A3FA1B7805F30088FCDD /* ConstraintShenanigans.app */;
			productType = "com.apple.product-type.application";
		};
		E644A4121B7805F30088FCDD /* ConstraintShenanigansTests */ = {
			isa = PBXNativeTarget;
			buildConfigurationList = E644A4201B7805F30088FCDD /* Build configuration list for PBXNativeTarget "ConstraintShenanigansTests" */;
			buildPhases = (
				E644A40F1B7805F30088FCDD /* Sources */,
				E644A4101B7805F30088FCDD /* Frameworks */,
				E644A4111B7805F30088FCDD /* Resources */,
			);
			buildRules = (
			);
			dependencies = (
				E644A4151B7805F30088FCDD /* PBXTargetDependency */,
			);
			name = ConstraintShenanigansTests;
			productName = ConstraintShenanigansTests;
			productReference = E644A4131B7805F30088FCDD /* ConstraintShenanigansTests.xctest */;
			productType = "com.apple.product-type.bundle.unit-test";
		};
/* End PBXNativeTarget section */

/* Begin PBXProject section */
		E644A3F21B7805F30088FCDD /* Project object */ = {
			isa = PBXProject;
			attributes = {
				LastUpgradeCheck = 0640;
				ORGANIZATIONNAME = aerych;
				TargetAttributes = {
					E644A3F91B7805F30088FCDD = {
						CreatedOnToolsVersion = 6.4;
					};
					E644A4121B7805F30088FCDD = {
						CreatedOnToolsVersion = 6.4;
						TestTargetID = E644A3F91B7805F30088FCDD;
					};
				};
			};
			buildConfigurationList = E644A3F51B7805F30088FCDD /* Build configuration list for PBXProject "ConstraintShenanigans" */;
			compatibilityVersion = "Xcode 3.2";
			developmentRegion = English;
			hasScannedForEncodings = 0;
			knownRegions = (
				en,
				Base,
			);
			mainGroup = E644A3F11B7805F30088FCDD;
			productRefGroup = E644A3FB1B7805F30088FCDD /* Products */;
			projectDirPath = "";
			projectRoot = "";
			targets = (
				E644A3F91B7805F30088FCDD /* ConstraintShenanigans */,
				E644A4121B7805F30088FCDD /* ConstraintShenanigansTests */,
			);
		};
/* End PBXProject section */

/* Begin PBXResourcesBuildPhase section */
		E644A3F81B7805F30088FCDD /* Resources */ = {
			isa = PBXResourcesBuildPhase;
			buildActionMask = 2147483647;
			files = (
				E644A4091B7805F30088FCDD /* Main.storyboard in Resources */,
				E644A4281B78069E0088FCDD /* TableViewCell.xib in Resources */,
				E644A40E1B7805F30088FCDD /* LaunchScreen.xib in Resources */,
				E644A4271B78069E0088FCDD /* CustomTableViewCell.xib in Resources */,
				E644A40B1B7805F30088FCDD /* Images.xcassets in Resources */,
			);
			runOnlyForDeploymentPostprocessing = 0;
		};
		E644A4111B7805F30088FCDD /* Resources */ = {
			isa = PBXResourcesBuildPhase;
			buildActionMask = 2147483647;
			files = (
			);
			runOnlyForDeploymentPostprocessing = 0;
		};
/* End PBXResourcesBuildPhase section */

/* Begin PBXSourcesBuildPhase section */
		E644A3F61B7805F30088FCDD /* Sources */ = {
			isa = PBXSourcesBuildPhase;
			buildActionMask = 2147483647;
			files = (
				E644A4061B7805F30088FCDD /* ViewController.m in Sources */,
				E644A4031B7805F30088FCDD /* AppDelegate.m in Sources */,
				E644A4321B7807830088FCDD /* CustomTableViewCell.swift in Sources */,
				E644A4001B7805F30088FCDD /* main.m in Sources */,
			);
			runOnlyForDeploymentPostprocessing = 0;
		};
		E644A40F1B7805F30088FCDD /* Sources */ = {
			isa = PBXSourcesBuildPhase;
			buildActionMask = 2147483647;
			files = (
				E644A41A1B7805F30088FCDD /* ConstraintShenanigansTests.m in Sources */,
			);
			runOnlyForDeploymentPostprocessing = 0;
		};
/* End PBXSourcesBuildPhase section */

/* Begin PBXTargetDependency section */
		E644A4151B7805F30088FCDD /* PBXTargetDependency */ = {
			isa = PBXTargetDependency;
			target = E644A3F91B7805F30088FCDD /* ConstraintShenanigans */;
			targetProxy = E644A4141B7805F30088FCDD /* PBXContainerItemProxy */;
		};
/* End PBXTargetDependency section */

/* Begin PBXVariantGroup section */
		E644A4071B7805F30088FCDD /* Main.storyboard */ = {
			isa = PBXVariantGroup;
			children = (
				E644A4081B7805F30088FCDD /* Base */,
			);
			name = Main.storyboard;
			sourceTree = "<group>";
		};
		E644A40C1B7805F30088FCDD /* LaunchScreen.xib */ = {
			isa = PBXVariantGroup;
			children = (
				E644A40D1B7805F30088FCDD /* Base */,
			);
			name = LaunchScreen.xib;
			sourceTree = "<group>";
		};
/* End PBXVariantGroup section */

/* Begin XCBuildConfiguration section */
		E644A41B1B7805F30088FCDD /* Debug */ = {
			isa = XCBuildConfiguration;
			buildSettings = {
				ALWAYS_SEARCH_USER_PATHS = NO;
				CLANG_CXX_LANGUAGE_STANDARD = "gnu++0x";
				CLANG_CXX_LIBRARY = "libc++";
				CLANG_ENABLE_MODULES = YES;
				CLANG_ENABLE_OBJC_ARC = YES;
				CLANG_WARN_BOOL_CONVERSION = YES;
				CLANG_WARN_CONSTANT_CONVERSION = YES;
				CLANG_WARN_DIRECT_OBJC_ISA_USAGE = YES_ERROR;
				CLANG_WARN_EMPTY_BODY = YES;
				CLANG_WARN_ENUM_CONVERSION = YES;
				CLANG_WARN_INT_CONVERSION = YES;
				CLANG_WARN_OBJC_ROOT_CLASS = YES_ERROR;
				CLANG_WARN_UNREACHABLE_CODE = YES;
				CLANG_WARN__DUPLICATE_METHOD_MATCH = YES;
				"CODE_SIGN_IDENTITY[sdk=iphoneos*]" = "iPhone Developer";
				COPY_PHASE_STRIP = NO;
				DEBUG_INFORMATION_FORMAT = "dwarf-with-dsym";
				ENABLE_STRICT_OBJC_MSGSEND = YES;
				GCC_C_LANGUAGE_STANDARD = gnu99;
				GCC_DYNAMIC_NO_PIC = NO;
				GCC_NO_COMMON_BLOCKS = YES;
				GCC_OPTIMIZATION_LEVEL = 0;
				GCC_PREPROCESSOR_DEFINITIONS = (
					"DEBUG=1",
					"$(inherited)",
				);
				GCC_SYMBOLS_PRIVATE_EXTERN = NO;
				GCC_WARN_64_TO_32_BIT_CONVERSION = YES;
				GCC_WARN_ABOUT_RETURN_TYPE = YES_ERROR;
				GCC_WARN_UNDECLARED_SELECTOR = YES;
				GCC_WARN_UNINITIALIZED_AUTOS = YES_AGGRESSIVE;
				GCC_WARN_UNUSED_FUNCTION = YES;
				GCC_WARN_UNUSED_VARIABLE = YES;
				IPHONEOS_DEPLOYMENT_TARGET = 8.4;
				MTL_ENABLE_DEBUG_INFO = YES;
				ONLY_ACTIVE_ARCH = YES;
				SDKROOT = iphoneos;
				TARGETED_DEVICE_FAMILY = "1,2";
			};
			name = Debug;
		};
		E644A41C1B7805F30088FCDD /* Release */ = {
			isa = XCBuildConfiguration;
			buildSettings = {
				ALWAYS_SEARCH_USER_PATHS = NO;
				CLANG_CXX_LANGUAGE_STANDARD = "gnu++0x";
				CLANG_CXX_LIBRARY = "libc++";
				CLANG_ENABLE_MODULES = YES;
				CLANG_ENABLE_OBJC_ARC = YES;
				CLANG_WARN_BOOL_CONVERSION = YES;
				CLANG_WARN_CONSTANT_CONVERSION = YES;
				CLANG_WARN_DIRECT_OBJC_ISA_USAGE = YES_ERROR;
				CLANG_WARN_EMPTY_BODY = YES;
				CLANG_WARN_ENUM_CONVERSION = YES;
				CLANG_WARN_INT_CONVERSION = YES;
				CLANG_WARN_OBJC_ROOT_CLASS = YES_ERROR;
				CLANG_WARN_UNREACHABLE_CODE = YES;
				CLANG_WARN__DUPLICATE_METHOD_MATCH = YES;
				"CODE_SIGN_IDENTITY[sdk=iphoneos*]" = "iPhone Developer";
				COPY_PHASE_STRIP = NO;
				DEBUG_INFORMATION_FORMAT = "dwarf-with-dsym";
				ENABLE_NS_ASSERTIONS = NO;
				ENABLE_STRICT_OBJC_MSGSEND = YES;
				GCC_C_LANGUAGE_STANDARD = gnu99;
				GCC_NO_COMMON_BLOCKS = YES;
				GCC_WARN_64_TO_32_BIT_CONVERSION = YES;
				GCC_WARN_ABOUT_RETURN_TYPE = YES_ERROR;
				GCC_WARN_UNDECLARED_SELECTOR = YES;
				GCC_WARN_UNINITIALIZED_AUTOS = YES_AGGRESSIVE;
				GCC_WARN_UNUSED_FUNCTION = YES;
				GCC_WARN_UNUSED_VARIABLE = YES;
				IPHONEOS_DEPLOYMENT_TARGET = 8.4;
				MTL_ENABLE_DEBUG_INFO = NO;
				SDKROOT = iphoneos;
				TARGETED_DEVICE_FAMILY = "1,2";
				VALIDATE_PRODUCT = YES;
			};
			name = Release;
		};
		E644A41E1B7805F30088FCDD /* Debug */ = {
			isa = XCBuildConfiguration;
			buildSettings = {
				ASSETCATALOG_COMPILER_APPICON_NAME = AppIcon;
				CLANG_ENABLE_MODULES = YES;
				DEFINES_MODULE = YES;
				INFOPLIST_FILE = ConstraintShenanigans/Info.plist;
				LD_RUNPATH_SEARCH_PATHS = "$(inherited) @executable_path/Frameworks";
				PRODUCT_NAME = "$(TARGET_NAME)";
				SWIFT_OBJC_BRIDGING_HEADER = "ConstraintShenanigans/ConstraintShenanigans-Bridging-Header.h";
				SWIFT_OPTIMIZATION_LEVEL = "-Onone";
			};
			name = Debug;
		};
		E644A41F1B7805F30088FCDD /* Release */ = {
			isa = XCBuildConfiguration;
			buildSettings = {
				ASSETCATALOG_COMPILER_APPICON_NAME = AppIcon;
				CLANG_ENABLE_MODULES = YES;
				DEFINES_MODULE = YES;
				INFOPLIST_FILE = ConstraintShenanigans/Info.plist;
				LD_RUNPATH_SEARCH_PATHS = "$(inherited) @executable_path/Frameworks";
				PRODUCT_NAME = "$(TARGET_NAME)";
				SWIFT_OBJC_BRIDGING_HEADER = "ConstraintShenanigans/ConstraintShenanigans-Bridging-Header.h";
			};
			name = Release;
		};
		E644A4211B7805F30088FCDD /* Debug */ = {
			isa = XCBuildConfiguration;
			buildSettings = {
				BUNDLE_LOADER = "$(TEST_HOST)";
				FRAMEWORK_SEARCH_PATHS = (
					"$(SDKROOT)/Developer/Library/Frameworks",
					"$(inherited)",
				);
				GCC_PREPROCESSOR_DEFINITIONS = (
					"DEBUG=1",
					"$(inherited)",
				);
				INFOPLIST_FILE = ConstraintShenanigansTests/Info.plist;
				LD_RUNPATH_SEARCH_PATHS = "$(inherited) @executable_path/Frameworks @loader_path/Frameworks";
				PRODUCT_NAME = "$(TARGET_NAME)";
				TEST_HOST = "$(BUILT_PRODUCTS_DIR)/ConstraintShenanigans.app/ConstraintShenanigans";
			};
			name = Debug;
		};
		E644A4221B7805F30088FCDD /* Release */ = {
			isa = XCBuildConfiguration;
			buildSettings = {
				BUNDLE_LOADER = "$(TEST_HOST)";
				FRAMEWORK_SEARCH_PATHS = (
					"$(SDKROOT)/Developer/Library/Frameworks",
					"$(inherited)",
				);
				INFOPLIST_FILE = ConstraintShenanigansTests/Info.plist;
				LD_RUNPATH_SEARCH_PATHS = "$(inherited) @executable_path/Frameworks @loader_path/Frameworks";
				PRODUCT_NAME = "$(TARGET_NAME)";
				TEST_HOST = "$(BUILT_PRODUCTS_DIR)/ConstraintShenanigans.app/ConstraintShenanigans";
			};
			name = Release;
		};
/* End XCBuildConfiguration section */

/* Begin XCConfigurationList section */
		E644A3F51B7805F30088FCDD /* Build configuration list for PBXProject "ConstraintShenanigans" */ = {
			isa = XCConfigurationList;
			buildConfigurations = (
				E644A41B1B7805F30088FCDD /* Debug */,
				E644A41C1B7805F30088FCDD /* Release */,
			);
			defaultConfigurationIsVisible = 0;
			defaultConfigurationName = Release;
		};
		E644A41D1B7805F30088FCDD /* Build configuration list for PBXNativeTarget "ConstraintShenanigans" */ = {
			isa = XCConfigurationList;
			buildConfigurations = (
				E644A41E1B7805F30088FCDD /* Debug */,
				E644A41F1B7805F30088FCDD /* Release */,
			);
			defaultConfigurationIsVisible = 0;
			defaultConfigurationName = Release;
		};
		E644A4201B7805F30088FCDD /* Build configuration list for PBXNativeTarget "ConstraintShenanigansTests" */ = {
			isa = XCConfigurationList;
			buildConfigurations = (
				E644A4211B7805F30088FCDD /* Debug */,
				E644A4221B7805F30088FCDD /* Release */,
			);
			defaultConfigurationIsVisible = 0;
			defaultConfigurationName = Release;
		};
/* End XCConfigurationList section */
	};
	rootObject = E644A3F21B7805F30088FCDD /* Project object */;
}
